
Microsoft Visual Studio Solution File, Format Version 12.00
# Visual Studio Version 16
VisualStudioVersion = 16.0.31702.278
MinimumVisualStudioVersion = 10.0.40219.1
Project("{FAE04EC0-301F-11D3-BF4B-00C04F79EFBC}") = "KutuphaneOtomasyonuV2", "KutuphaneOtomasyonuV2\KutuphaneOtomasyonuV2.csproj", "{F0C96B4A-4F59-4067-AB65-CD3303D64A09}"
EndProject
Project("{54435603-DBB4-11D2-8724-00A0C9A8B90C}") = "SetupKutuphaneOtomasyonuV2", "SetupKutuphaneOtomasyonuV2\SetupKutuphaneOtomasyonuV2.vdproj", "{7B9962BF-32A9-4616-B15E-58DEAA30D817}"
EndProject
Global
	GlobalSection(SolutionConfigurationPlatforms) = preSolution
		Debug|Any CPU = Debug|Any CPU
		Release|Any CPU = Release|Any CPU
	EndGlobalSection
	GlobalSection(ProjectConfigurationPlatforms) = postSolution
		{F0C96B4A-4F59-4067-AB65-CD3303D64A09}.Debug|Any CPU.ActiveCfg = Debug|Any CPU
		{F0C96B4A-4F59-4067-AB65-CD3303D64A09}.Debug|Any CPU.Build.0 = Debug|Any CPU
		{F0C96B4A-4F59-4067-AB65-CD3303D64A09}.Release|Any CPU.ActiveCfg = Release|Any CPU
		{F0C96B4A-4F59-4067-AB65-CD3303D64A09}.Release|Any CPU.Build.0 = Release|Any CPU
		{7B9962BF-32A9-4616-B15E-58DEAA30D817}.Debug|Any CPU.ActiveCfg = Debug
		{7B9962BF-32A9-4616-B15E-58DEAA30D817}.Release|Any CPU.ActiveCfg = Release
	EndGlobalSection
	GlobalSection(SolutionProperties) = preSolution
		HideSolutionNode = FALSE
	EndGlobalSection
	GlobalSection(ExtensibilityGlobals) = postSolution
		SolutionGuid = {DE5635B4-287C-469D-996B-BF3D22059933}
	EndGlobalSection
EndGlobal
